
Microsoft Visual Studio Solution File, Format Version 12.00
# Visual Studio Version 17
VisualStudioVersion = 17.7.34031.279
MinimumVisualStudioVersion = 10.0.40219.1
Project("{FAE04EC0-301F-11D3-BF4B-00C04F79EFBC}") = "ColorPalette_Winform", "ColorPalette_Winform\ColorPalette_Winform.csproj", "{0675C343-8666-40BA-B4D0-060E6F112E10}"
EndProject
Global
	GlobalSection(SolutionConfigurationPlatforms) = preSolution
		Debug|Any CPU = Debug|Any CPU
		Release|Any CPU = Release|Any CPU
	EndGlobalSection
	GlobalSection(ProjectConfigurationPlatforms) = postSolution
		{0675C343-8666-40BA-B4D0-060E6F112E10}.Debug|Any CPU.ActiveCfg = Debug|Any CPU
		{0675C343-8666-40BA-B4D0-060E6F112E10}.Debug|Any CPU.Build.0 = Debug|Any CPU
		{0675C343-8666-40BA-B4D0-060E6F112E10}.Release|Any CPU.ActiveCfg = Release|Any CPU
		{0675C343-8666-40BA-B4D0-060E6F112E10}.Release|Any CPU.Build.0 = Release|Any CPU
	EndGlobalSection
	GlobalSection(SolutionProperties) = preSolution
		HideSolutionNode = FALSE
	EndGlobalSection
	GlobalSection(ExtensibilityGlobals) = postSolution
		SolutionGuid = {B1C500E4-83C5-4908-8131-51097A121DB5}
	EndGlobalSection
EndGlobal
